
Microsoft Visual Studio Solution File, Format Version 12.00
# Visual Studio Version 17
VisualStudioVersion = 17.4.33213.308
MinimumVisualStudioVersion = 10.0.40219.1
Project("{9A19103F-16F7-4668-BE54-9A1E7A4F7556}") = "Problem1", "Problem1.csproj", "{952A3666-1566-4507-9D89-5D56BEF13604}"
EndProject
Project("{9A19103F-16F7-4668-BE54-9A1E7A4F7556}") = "Problem2", "..\Problem2\Problem2.csproj", "{C2B7533A-3B3E-4677-AF7D-3B587D2DEA13}"
EndProject
Project("{9A19103F-16F7-4668-BE54-9A1E7A4F7556}") = "Problem3", "..\Problem3\Problem3.csproj", "{D373AC99-3899-4E91-8BDE-1B3BEBA7670C}"
EndProject
Project("{9A19103F-16F7-4668-BE54-9A1E7A4F7556}") = "Problem4", "..\Problem4\Problem4.csproj", "{1EE518E0-6511-4E00-B415-BDC3950DEFD9}"
EndProject
Project("{FAE04EC0-301F-11D3-BF4B-00C04F79EFBC}") = "Problem5", "..\Problem5\Problem5.csproj", "{B7EFEBAB-CA96-42CF-8B09-794E82B3363B}"
EndProject
Project("{FAE04EC0-301F-11D3-BF4B-00C04F79EFBC}") = "Problem6", "..\Problem6\Problem6.csproj", "{BD8CA2D7-FCC2-432B-893A-9BFFDDB207E8}"
EndProject
Project("{FAE04EC0-301F-11D3-BF4B-00C04F79EFBC}") = "Problem7", "..\Problem7\Problem7.csproj", "{2678ADDA-8BE0-4417-99FF-F196B8458DA3}"
EndProject
Project("{FAE04EC0-301F-11D3-BF4B-00C04F79EFBC}") = "Problem8", "..\Problem8\Problem8.csproj", "{A1EF31EA-C495-414E-B80E-85F55CD80B39}"
EndProject
Project("{FAE04EC0-301F-11D3-BF4B-00C04F79EFBC}") = "Problem9", "..\Problem9\Problem9.csproj", "{DE7CBF1C-E515-4CC2-9626-F90C61396F2C}"
EndProject
Global
	GlobalSection(SolutionConfigurationPlatforms) = preSolution
		Debug|Any CPU = Debug|Any CPU
		Release|Any CPU = Release|Any CPU
	EndGlobalSection
	GlobalSection(ProjectConfigurationPlatforms) = postSolution
		{952A3666-1566-4507-9D89-5D56BEF13604}.Debug|Any CPU.ActiveCfg = Debug|Any CPU
		{952A3666-1566-4507-9D89-5D56BEF13604}.Debug|Any CPU.Build.0 = Debug|Any CPU
		{952A3666-1566-4507-9D89-5D56BEF13604}.Release|Any CPU.ActiveCfg = Release|Any CPU
		{952A3666-1566-4507-9D89-5D56BEF13604}.Release|Any CPU.Build.0 = Release|Any CPU
		{C2B7533A-3B3E-4677-AF7D-3B587D2DEA13}.Debug|Any CPU.ActiveCfg = Debug|Any CPU
		{C2B7533A-3B3E-4677-AF7D-3B587D2DEA13}.Debug|Any CPU.Build.0 = Debug|Any CPU
		{C2B7533A-3B3E-4677-AF7D-3B587D2DEA13}.Release|Any CPU.ActiveCfg = Release|Any CPU
		{C2B7533A-3B3E-4677-AF7D-3B587D2DEA13}.Release|Any CPU.Build.0 = Release|Any CPU
		{D373AC99-3899-4E91-8BDE-1B3BEBA7670C}.Debug|Any CPU.ActiveCfg = Debug|Any CPU
		{D373AC99-3899-4E91-8BDE-1B3BEBA7670C}.Debug|Any CPU.Build.0 = Debug|Any CPU
		{D373AC99-3899-4E91-8BDE-1B3BEBA7670C}.Release|Any CPU.ActiveCfg = Release|Any CPU
		{D373AC99-3899-4E91-8BDE-1B3BEBA7670C}.Release|Any CPU.Build.0 = Release|Any CPU
		{1EE518E0-6511-4E00-B415-BDC3950DEFD9}.Debug|Any CPU.ActiveCfg = Debug|Any CPU
		{1EE518E0-6511-4E00-B415-BDC3950DEFD9}.Debug|Any CPU.Build.0 = Debug|Any CPU
		{1EE518E0-6511-4E00-B415-BDC3950DEFD9}.Release|Any CPU.ActiveCfg = Release|Any CPU
		{1EE518E0-6511-4E00-B415-BDC3950DEFD9}.Release|Any CPU.Build.0 = Release|Any CPU
		{B7EFEBAB-CA96-42CF-8B09-794E82B3363B}.Debug|Any CPU.ActiveCfg = Debug|Any CPU
		{B7EFEBAB-CA96-42CF-8B09-794E82B3363B}.Debug|Any CPU.Build.0 = Debug|Any CPU
		{B7EFEBAB-CA96-42CF-8B09-794E82B3363B}.Release|Any CPU.ActiveCfg = Release|Any CPU
		{B7EFEBAB-CA96-42CF-8B09-794E82B3363B}.Release|Any CPU.Build.0 = Release|Any CPU
		{BD8CA2D7-FCC2-432B-893A-9BFFDDB207E8}.Debug|Any CPU.ActiveCfg = Debug|Any CPU
		{BD8CA2D7-FCC2-432B-893A-9BFFDDB207E8}.Debug|Any CPU.Build.0 = Debug|Any CPU
		{BD8CA2D7-FCC2-432B-893A-9BFFDDB207E8}.Release|Any CPU.ActiveCfg = Release|Any CPU
		{BD8CA2D7-FCC2-432B-893A-9BFFDDB207E8}.Release|Any CPU.Build.0 = Release|Any CPU
		{2678ADDA-8BE0-4417-99FF-F196B8458DA3}.Debug|Any CPU.ActiveCfg = Debug|Any CPU
		{2678ADDA-8BE0-4417-99FF-F196B8458DA3}.Debug|Any CPU.Build.0 = Debug|Any CPU
		{2678ADDA-8BE0-4417-99FF-F196B8458DA3}.Release|Any CPU.ActiveCfg = Release|Any CPU
		{2678ADDA-8BE0-4417-99FF-F196B8458DA3}.Release|Any CPU.Build.0 = Release|Any CPU
		{A1EF31EA-C495-414E-B80E-85F55CD80B39}.Debug|Any CPU.ActiveCfg = Debug|Any CPU
		{A1EF31EA-C495-414E-B80E-85F55CD80B39}.Debug|Any CPU.Build.0 = Debug|Any CPU
		{A1EF31EA-C495-414E-B80E-85F55CD80B39}.Release|Any CPU.ActiveCfg = Release|Any CPU
		{A1EF31EA-C495-414E-B80E-85F55CD80B39}.Release|Any CPU.Build.0 = Release|Any CPU
		{DE7CBF1C-E515-4CC2-9626-F90C61396F2C}.Debug|Any CPU.ActiveCfg = Debug|Any CPU
		{DE7CBF1C-E515-4CC2-9626-F90C61396F2C}.Debug|Any CPU.Build.0 = Debug|Any CPU
		{DE7CBF1C-E515-4CC2-9626-F90C61396F2C}.Release|Any CPU.ActiveCfg = Release|Any CPU
		{DE7CBF1C-E515-4CC2-9626-F90C61396F2C}.Release|Any CPU.Build.0 = Release|Any CPU
	EndGlobalSection
	GlobalSection(SolutionProperties) = preSolution
		HideSolutionNode = FALSE
	EndGlobalSection
	GlobalSection(ExtensibilityGlobals) = postSolution
		SolutionGuid = {9E10B14A-2764-4C69-9A1B-283EBB5A220B}
	EndGlobalSection
EndGlobal
